{
  "name": "02npm",
  "version": "1.0.0",
  "lockfileVersion": 1,
  "requires": true,
  "dependencies": {
    "cxm-demo003": {
      "version": "1.0.0",
      "resolved": "https://registry.npmjs.org/cxm-demo003/-/cxm-demo003-1.0.0.tgz",
      "integrity": "sha512-vbotDUTMN1+thRVlKECTJpfTwv0tUjcUvppl9IPnPDGtMe/Yn4/0lwz7yj1/gTA/AXndETcC023MC95ow4ZruQ=="
    },
    "filed": {
      "version": "0.0.7",
      "resolved": "https://registry.npmmirror.com/filed/-/filed-0.0.7.tgz",
      "integrity": "sha512-5ET8UDrcysKn9+v/Fq6pUi31XaHLnI5QiMdfothtGFtR9GUMA5KxNmqrSQEk2TIOe1TJU7tLlJxqUDXCM/ICWQ=="
    },
    "jquery": {
      "version": "3.7.1",
      "resolved": "https://registry.npmmirror.com/jquery/-/jquery-3.7.1.tgz",
      "integrity": "sha512-m4avr8yL8kmFN8psrbFFFmB/If14iN5o9nw/NgnnM+kybDJpRsAynV2BsfpTYrTRysYUdADVD7CkUUizgkpLfg==",
      "dev": true
    },
    "lodash": {
      "version": "4.17.21",
      "resolved": "https://registry.npmmirror.com/lodash/-/lodash-4.17.21.tgz",
      "integrity": "sha512-v2kDEe57lecTulaDIuNTPy3Ry4gLGJ6Z1O3vE1krgXZNrsQ+LFTGHVxVjcXPs17LhbZVGedAJv8XZ1tvj5FvSg=="
    },
    "mime": {
      "version": "1.2.7",
      "resolved": "https://registry.npmmirror.com/mime/-/mime-1.2.7.tgz",
      "integrity": "sha512-dpy+nvloUnk2kSbmdZ6PFEuGUV+gYLF3YIAxkOuvD3N0pZiUM4UiNBW9516oVHcOLfRVTIgShgQVyXQu7K+XIA=="
    },
    "qjw-0119": {
      "version": "1.0.0",
      "resolved": "https://registry.npmjs.org/qjw-0119/-/qjw-0119-1.0.0.tgz",
      "integrity": "sha512-u8sOF8R+pmiD6f9yCVjSflqKBzdd2UoIoWqoY1HhCAb3cXENpai0HeLBBKzYtAWlxDRupsLhkUYjuIg3n3E2yA=="
    },
    "swiper": {
      "version": "11.1.14",
      "resolved": "https://registry.npmmirror.com/swiper/-/swiper-11.1.14.tgz",
      "integrity": "sha512-VbQLQXC04io6AoAjIUWuZwW4MSYozkcP9KjLdrsG/00Q/yiwvhz9RQyt0nHXV10hi9NVnDNy1/wv7Dzq1lkOCQ=="
    },
    "wow": {
      "version": "0.0.6",
      "resolved": "https://registry.npmmirror.com/wow/-/wow-0.0.6.tgz",
      "integrity": "sha512-Z7ufptkDg/VN6hx2uFiXXk30S6fuX+Ggw8hxWrs6H9tEyHq2OZtQyW/TdrcCXOlmVgj+ULmADdL91mjVomIm0g==",
      "requires": {
        "filed": "0.0.7",
        "mime": "1.2.7"
      }
    }
  }
}
